// !$*UTF8*$!
{
	archiveVersion = 1;
	classes = {
	};
	objectVersion = 51;
	objects = {

/* Begin PBXBuildFile section */
		1810F97D254073C500D3641B /* TabBarViewController.swift in Sources */ = {isa = PBXBuildFile; fileRef = 1810F97C254073C500D3641B /* TabBarViewController.swift */; };
		1810F9842541822F00D3641B /* Database.swift in Sources */ = {isa = PBXBuildFile; fileRef = 1810F9832541822F00D3641B /* Database.swift */; };
		1810F98725419B1900D3641B /* code.db in Resources */ = {isa = PBXBuildFile; fileRef = 1810F98625419B1900D3641B /* code.db */; };
		1810F98A25419C7700D3641B /* BookEntity.swift in Sources */ = {isa = PBXBuildFile; fileRef = 1810F98925419C7700D3641B /* BookEntity.swift */; };
		1810F9982546DBDB00D3641B /* CollectionViewCell.swift in Sources */ = {isa = PBXBuildFile; fileRef = 1810F9972546DBDB00D3641B /* CollectionViewCell.swift */; };
		1810F99F25474E5F00D3641B /* ChapterEntity.swift in Sources */ = {isa = PBXBuildFile; fileRef = 1810F99E25474E5F00D3641B /* ChapterEntity.swift */; };
		1810F9A72548170A00D3641B /* ChapterViewController.swift in Sources */ = {isa = PBXBuildFile; fileRef = 1810F9A62548170A00D3641B /* ChapterViewController.swift */; };
		1810F9AE2548707C00D3641B /* TableViewCell.swift in Sources */ = {isa = PBXBuildFile; fileRef = 1810F9AD2548707C00D3641B /* TableViewCell.swift */; };
		1810F9B12549648700D3641B /* ArticleEntity.swift in Sources */ = {isa = PBXBuildFile; fileRef = 1810F9B02549648700D3641B /* ArticleEntity.swift */; };
		181350AD253DC47000FB7E08 /* AppDelegate.swift in Sources */ = {isa = PBXBuildFile; fileRef = 181350AC253DC47000FB7E08 /* AppDelegate.swift */; };
		181350AF253DC47000FB7E08 /* SceneDelegate.swift in Sources */ = {isa = PBXBuildFile; fileRef = 181350AE253DC47000FB7E08 /* SceneDelegate.swift */; };
		181350B1253DC47000FB7E08 /* ProtocolViewController.swift in Sources */ = {isa = PBXBuildFile; fileRef = 181350B0253DC47000FB7E08 /* ProtocolViewController.swift */; };
		181350B4253DC47000FB7E08 /* Main.storyboard in Resources */ = {isa = PBXBuildFile; fileRef = 181350B2253DC47000FB7E08 /* Main.storyboard */; };
		181350B6253DC47300FB7E08 /* Assets.xcassets in Resources */ = {isa = PBXBuildFile; fileRef = 181350B5253DC47300FB7E08 /* Assets.xcassets */; };
		181350B9253DC47300FB7E08 /* LaunchScreen.storyboard in Resources */ = {isa = PBXBuildFile; fileRef = 181350B7253DC47300FB7E08 /* LaunchScreen.storyboard */; };
		181350C8253DD21A00FB7E08 /* CodeViewController.swift in Sources */ = {isa = PBXBuildFile; fileRef = 181350C7253DD21A00FB7E08 /* CodeViewController.swift */; };
		181350CC253DD26100FB7E08 /* FavoriteTableViewController.swift in Sources */ = {isa = PBXBuildFile; fileRef = 181350CB253DD26100FB7E08 /* FavoriteTableViewController.swift */; };
		181350D0253DD29E00FB7E08 /* SearchViewController.swift in Sources */ = {isa = PBXBuildFile; fileRef = 181350CF253DD29E00FB7E08 /* SearchViewController.swift */; };
		18833961254AB66E0002AAB8 /* ArticlesViewController.swift in Sources */ = {isa = PBXBuildFile; fileRef = 18833960254AB66E0002AAB8 /* ArticlesViewController.swift */; };
		18833965254AB7C70002AAB8 /* ArticleViewCell.swift in Sources */ = {isa = PBXBuildFile; fileRef = 18833964254AB7C70002AAB8 /* ArticleViewCell.swift */; };
		18BDA244254AFF2B009A493D /* ArticleViewController.swift in Sources */ = {isa = PBXBuildFile; fileRef = 18BDA243254AFF2B009A493D /* ArticleViewController.swift */; };
		18BDA258254C378E009A493D /* Pods_VYBORY.framework in Frameworks */ = {isa = PBXBuildFile; fileRef = 1031F2042AD1B76B05A3D60E /* Pods_VYBORY.framework */; };
		18BDA25E254C3860009A493D /* SQLite.framework in Frameworks */ = {isa = PBXBuildFile; fileRef = 18BDA25D254C3860009A493D /* SQLite.framework */; };
		18BDA26D254D93BA009A493D /* FavoriteViewCell.swift in Sources */ = {isa = PBXBuildFile; fileRef = 18BDA26C254D93BA009A493D /* FavoriteViewCell.swift */; };
/* End PBXBuildFile section */

/* Begin PBXFileReference section */
		1031F2042AD1B76B05A3D60E /* Pods_VYBORY.framework */ = {isa = PBXFileReference; explicitFileType = wrapper.framework; includeInIndex = 0; path = Pods_VYBORY.framework; sourceTree = BUILT_PRODUCTS_DIR; };
		1810F97C254073C500D3641B /* TabBarViewController.swift */ = {isa = PBXFileReference; lastKnownFileType = sourcecode.swift; path = TabBarViewController.swift; sourceTree = "<group>"; };
		1810F9832541822F00D3641B /* Database.swift */ = {isa = PBXFileReference; lastKnownFileType = sourcecode.swift; path = Database.swift; sourceTree = "<group>"; };
		1810F98625419B1900D3641B /* code.db */ = {isa = PBXFileReference; lastKnownFileType = file; path = code.db; sourceTree = "<group>"; };
		1810F98925419C7700D3641B /* BookEntity.swift */ = {isa = PBXFileReference; lastKnownFileType = sourcecode.swift; path = BookEntity.swift; sourceTree = "<group>"; };
		1810F9972546DBDB00D3641B /* CollectionViewCell.swift */ = {isa = PBXFileReference; lastKnownFileType = sourcecode.swift; name = CollectionViewCell.swift; path = VYBORY/View/CollectionViewCell.swift; sourceTree = SOURCE_ROOT; };
		1810F99E25474E5F00D3641B /* ChapterEntity.swift */ = {isa = PBXFileReference; lastKnownFileType = sourcecode.swift; path = ChapterEntity.swift; sourceTree = "<group>"; };
		1810F9A62548170A00D3641B /* ChapterViewController.swift */ = {isa = PBXFileReference; lastKnownFileType = sourcecode.swift; name = ChapterViewController.swift; path = VYBORY/View/ChapterViewController.swift; sourceTree = SOURCE_ROOT; };
		1810F9AD2548707C00D3641B /* TableViewCell.swift */ = {isa = PBXFileReference; lastKnownFileType = sourcecode.swift; name = TableViewCell.swift; path = VYBORY/Controllers/TableViewCell.swift; sourceTree = SOURCE_ROOT; };
		1810F9B02549648700D3641B /* ArticleEntity.swift */ = {isa = PBXFileReference; lastKnownFileType = sourcecode.swift; path = ArticleEntity.swift; sourceTree = "<group>"; };
		181350A9253DC47000FB7E08 /* VYBORY.app */ = {isa = PBXFileReference; explicitFileType = wrapper.application; includeInIndex = 0; path = VYBORY.app; sourceTree = BUILT_PRODUCTS_DIR; };
		181350AC253DC47000FB7E08 /* AppDelegate.swift */ = {isa = PBXFileReference; lastKnownFileType = sourcecode.swift; path = AppDelegate.swift; sourceTree = "<group>"; };
		181350AE253DC47000FB7E08 /* SceneDelegate.swift */ = {isa = PBXFileReference; lastKnownFileType = sourcecode.swift; path = SceneDelegate.swift; sourceTree = "<group>"; };
		181350B0253DC47000FB7E08 /* ProtocolViewController.swift */ = {isa = PBXFileReference; lastKnownFileType = sourcecode.swift; path = ProtocolViewController.swift; sourceTree = "<group>"; };
		181350B3253DC47000FB7E08 /* Base */ = {isa = PBXFileReference; lastKnownFileType = file.storyboard; name = Base; path = Base.lproj/Main.storyboard; sourceTree = "<group>"; };
		181350B5253DC47300FB7E08 /* Assets.xcassets */ = {isa = PBXFileReference; lastKnownFileType = folder.assetcatalog; path = Assets.xcassets; sourceTree = "<group>"; };
		181350B8253DC47300FB7E08 /* Base */ = {isa = PBXFileReference; lastKnownFileType = file.storyboard; name = Base; path = Base.lproj/LaunchScreen.storyboard; sourceTree = "<group>"; };
		181350BA253DC47300FB7E08 /* Info.plist */ = {isa = PBXFileReference; lastKnownFileType = text.plist.xml; path = Info.plist; sourceTree = "<group>"; };
		181350C7253DD21A00FB7E08 /* CodeViewController.swift */ = {isa = PBXFileReference; lastKnownFileType = sourcecode.swift; path = CodeViewController.swift; sourceTree = "<group>"; };
		181350CB253DD26100FB7E08 /* FavoriteTableViewController.swift */ = {isa = PBXFileReference; lastKnownFileType = sourcecode.swift; path = FavoriteTableViewController.swift; sourceTree = "<group>"; };
		181350CF253DD29E00FB7E08 /* SearchViewController.swift */ = {isa = PBXFileReference; lastKnownFileType = sourcecode.swift; path = SearchViewController.swift; sourceTree = "<group>"; };
		18833960254AB66E0002AAB8 /* ArticlesViewController.swift */ = {isa = PBXFileReference; lastKnownFileType = sourcecode.swift; path = ArticlesViewController.swift; sourceTree = "<group>"; };
		18833964254AB7C70002AAB8 /* ArticleViewCell.swift */ = {isa = PBXFileReference; lastKnownFileType = sourcecode.swift; name = ArticleViewCell.swift; path = VYBORY/Controllers/ArticleViewCell.swift; sourceTree = SOURCE_ROOT; };
		18BDA243254AFF2B009A493D /* ArticleViewController.swift */ = {isa = PBXFileReference; lastKnownFileType = sourcecode.swift; name = ArticleViewController.swift; path = VYBORY/View/ArticleViewController.swift; sourceTree = SOURCE_ROOT; };
		18BDA24C254C2C3C009A493D /* SQLite.framework */ = {isa = PBXFileReference; explicitFileType = wrapper.framework; path = SQLite.framework; sourceTree = BUILT_PRODUCTS_DIR; };
		18BDA25D254C3860009A493D /* SQLite.framework */ = {isa = PBXFileReference; explicitFileType = wrapper.framework; path = SQLite.framework; sourceTree = BUILT_PRODUCTS_DIR; };
		18BDA26C254D93BA009A493D /* FavoriteViewCell.swift */ = {isa = PBXFileReference; lastKnownFileType = sourcecode.swift; name = FavoriteViewCell.swift; path = VYBORY/View/FavoriteViewCell.swift; sourceTree = SOURCE_ROOT; };
		2153F3124CDEE7754F7FB2D8 /* Pods-VYBORY.release.xcconfig */ = {isa = PBXFileReference; includeInIndex = 1; lastKnownFileType = text.xcconfig; name = "Pods-VYBORY.release.xcconfig"; path = "Target Support Files/Pods-VYBORY/Pods-VYBORY.release.xcconfig"; sourceTree = "<group>"; };
		251BC590B2FF047B0E22E94F /* Pods-VYBORY.debug.xcconfig */ = {isa = PBXFileReference; includeInIndex = 1; lastKnownFileType = text.xcconfig; name = "Pods-VYBORY.debug.xcconfig"; path = "Target Support Files/Pods-VYBORY/Pods-VYBORY.debug.xcconfig"; sourceTree = "<group>"; };
/* End PBXFileReference section */

/* Begin PBXFrameworksBuildPhase section */
		181350A6253DC47000FB7E08 /* Frameworks */ = {
			isa = PBXFrameworksBuildPhase;
			buildActionMask = 2147483647;
			files = (
				18BDA258254C378E009A493D /* Pods_VYBORY.framework in Frameworks */,
				18BDA25E254C3860009A493D /* SQLite.framework in Frameworks */,
			);
			runOnlyForDeploymentPostprocessing = 0;
		};
/* End PBXFrameworksBuildPhase section */

/* Begin PBXGroup section */
		181350A0253DC47000FB7E08 = {
			isa = PBXGroup;
			children = (
				181350AB253DC47000FB7E08 /* VYBORY */,
				181350AA253DC47000FB7E08 /* Products */,
				4E5D8872B4E0539DF5532455 /* Pods */,
				218B0A21346DBDEC0DD36C14 /* Frameworks */,
			);
			sourceTree = "<group>";
		};
		181350AA253DC47000FB7E08 /* Products */ = {
			isa = PBXGroup;
			children = (
				181350A9253DC47000FB7E08 /* VYBORY.app */,
			);
			name = Products;
			sourceTree = "<group>";
		};
		181350AB253DC47000FB7E08 /* VYBORY */ = {
			isa = PBXGroup;
			children = (
				181350AC253DC47000FB7E08 /* AppDelegate.swift */,
				181350AE253DC47000FB7E08 /* SceneDelegate.swift */,
				181350DC253DD88600FB7E08 /* Model */,
				181350DE253E029100FB7E08 /* View */,
				181350C5253DD1A700FB7E08 /* Controllers */,
				181350B5253DC47300FB7E08 /* Assets.xcassets */,
				181350B7253DC47300FB7E08 /* LaunchScreen.storyboard */,
				181350BA253DC47300FB7E08 /* Info.plist */,
			);
			path = VYBORY;
			sourceTree = "<group>";
		};
		181350C5253DD1A700FB7E08 /* Controllers */ = {
			isa = PBXGroup;
			children = (
				181350C7253DD21A00FB7E08 /* CodeViewController.swift */,
				1810F9A62548170A00D3641B /* ChapterViewController.swift */,
				18833960254AB66E0002AAB8 /* ArticlesViewController.swift */,
				18BDA243254AFF2B009A493D /* ArticleViewController.swift */,
				181350B0253DC47000FB7E08 /* ProtocolViewController.swift */,
				181350CB253DD26100FB7E08 /* FavoriteTableViewController.swift */,
				181350CF253DD29E00FB7E08 /* SearchViewController.swift */,
				1810F97C254073C500D3641B /* TabBarViewController.swift */,
			);
			path = Controllers;
			sourceTree = "<group>";
		};
		181350DC253DD88600FB7E08 /* Model */ = {
			isa = PBXGroup;
			children = (
				18BDA26C254D93BA009A493D /* FavoriteViewCell.swift */,
				18833964254AB7C70002AAB8 /* ArticleViewCell.swift */,
				1810F9AD2548707C00D3641B /* TableViewCell.swift */,
				1810F9972546DBDB00D3641B /* CollectionViewCell.swift */,
				1810F9832541822F00D3641B /* Database.swift */,
				1810F98625419B1900D3641B /* code.db */,
				1810F98925419C7700D3641B /* BookEntity.swift */,
				1810F99E25474E5F00D3641B /* ChapterEntity.swift */,
				1810F9B02549648700D3641B /* ArticleEntity.swift */,
			);
			path = Model;
			sourceTree = "<group>";
		};
		181350DE253E029100FB7E08 /* View */ = {
			isa = PBXGroup;
			children = (
				181350B2253DC47000FB7E08 /* Main.storyboard */,
			);
			path = View;
			sourceTree = "<group>";
		};
		218B0A21346DBDEC0DD36C14 /* Frameworks */ = {
			isa = PBXGroup;
			children = (
				18BDA25D254C3860009A493D /* SQLite.framework */,
				18BDA24C254C2C3C009A493D /* SQLite.framework */,
				1031F2042AD1B76B05A3D60E /* Pods_VYBORY.framework */,
			);
			name = Frameworks;
			sourceTree = "<group>";
		};
		4E5D8872B4E0539DF5532455 /* Pods */ = {
			isa = PBXGroup;
			children = (
				251BC590B2FF047B0E22E94F /* Pods-VYBORY.debug.xcconfig */,
				2153F3124CDEE7754F7FB2D8 /* Pods-VYBORY.release.xcconfig */,
			);
			path = Pods;
			sourceTree = "<group>";
		};
/* End PBXGroup section */

/* Begin PBXNativeTarget section */
		181350A8253DC47000FB7E08 /* VYBORY */ = {
			isa = PBXNativeTarget;
			buildConfigurationList = 181350BD253DC47300FB7E08 /* Build configuration list for PBXNativeTarget "VYBORY" */;
			buildPhases = (
				14D6951D633C29B40F27B6B4 /* [CP] Check Pods Manifest.lock */,
				181350A5253DC47000FB7E08 /* Sources */,
				181350A6253DC47000FB7E08 /* Frameworks */,
				181350A7253DC47000FB7E08 /* Resources */,
				CC3CDEC583C9D9AA057073A2 /* [CP] Embed Pods Frameworks */,
			);
			buildRules = (
			);
			dependencies = (
			);
			name = VYBORY;
			productName = VYBORY;
			productReference = 181350A9253DC47000FB7E08 /* VYBORY.app */;
			productType = "com.apple.product-type.application";
		};
/* End PBXNativeTarget section */

/* Begin PBXProject section */
		181350A1253DC47000FB7E08 /* Project object */ = {
			isa = PBXProject;
			attributes = {
				LastSwiftUpdateCheck = 1200;
				LastUpgradeCheck = 1200;
				TargetAttributes = {
					181350A8253DC47000FB7E08 = {
						CreatedOnToolsVersion = 12.0.1;
					};
				};
			};
			buildConfigurationList = 181350A4253DC47000FB7E08 /* Build configuration list for PBXProject "VYBORY" */;
			compatibilityVersion = "Xcode 9.3";
			developmentRegion = en;
			hasScannedForEncodings = 0;
			knownRegions = (
				en,
				Base,
			);
			mainGroup = 181350A0253DC47000FB7E08;
			productRefGroup = 181350AA253DC47000FB7E08 /* Products */;
			projectDirPath = "";
			projectRoot = "";
			targets = (
				181350A8253DC47000FB7E08 /* VYBORY */,
			);
		};
/* End PBXProject section */

/* Begin PBXResourcesBuildPhase section */
		181350A7253DC47000FB7E08 /* Resources */ = {
			isa = PBXResourcesBuildPhase;
			buildActionMask = 2147483647;
			files = (
				1810F98725419B1900D3641B /* code.db in Resources */,
				181350B9253DC47300FB7E08 /* LaunchScreen.storyboard in Resources */,
				181350B6253DC47300FB7E08 /* Assets.xcassets in Resources */,
				181350B4253DC47000FB7E08 /* Main.storyboard in Resources */,
			);
			runOnlyForDeploymentPostprocessing = 0;
		};
/* End PBXResourcesBuildPhase section */

/* Begin PBXShellScriptBuildPhase section */
		14D6951D633C29B40F27B6B4 /* [CP] Check Pods Manifest.lock */ = {
			isa = PBXShellScriptBuildPhase;
			buildActionMask = 2147483647;
			files = (
			);
			inputFileListPaths = (
			);
			inputPaths = (
				"${PODS_PODFILE_DIR_PATH}/Podfile.lock",
				"${PODS_ROOT}/Manifest.lock",
			);
			name = "[CP] Check Pods Manifest.lock";
			outputFileListPaths = (
			);
			outputPaths = (
				"$(DERIVED_FILE_DIR)/Pods-VYBORY-checkManifestLockResult.txt",
			);
			runOnlyForDeploymentPostprocessing = 0;
			shellPath = /bin/sh;
			shellScript = "diff \"${PODS_PODFILE_DIR_PATH}/Podfile.lock\" \"${PODS_ROOT}/Manifest.lock\" > /dev/null\nif [ $? != 0 ] ; then\n    # print error to STDERR\n    echo \"error: The sandbox is not in sync with the Podfile.lock. Run 'pod install' or update your CocoaPods installation.\" >&2\n    exit 1\nfi\n# This output is used by Xcode 'outputs' to avoid re-running this script phase.\necho \"SUCCESS\" > \"${SCRIPT_OUTPUT_FILE_0}\"\n";
			showEnvVarsInLog = 0;
		};
		CC3CDEC583C9D9AA057073A2 /* [CP] Embed Pods Frameworks */ = {
			isa = PBXShellScriptBuildPhase;
			buildActionMask = 2147483647;
			files = (
			);
			inputFileListPaths = (
				"${PODS_ROOT}/Target Support Files/Pods-VYBORY/Pods-VYBORY-frameworks-${CONFIGURATION}-input-files.xcfilelist",
			);
			name = "[CP] Embed Pods Frameworks";
			outputFileListPaths = (
				"${PODS_ROOT}/Target Support Files/Pods-VYBORY/Pods-VYBORY-frameworks-${CONFIGURATION}-output-files.xcfilelist",
			);
			runOnlyForDeploymentPostprocessing = 0;
			shellPath = /bin/sh;
			shellScript = "\"${PODS_ROOT}/Target Support Files/Pods-VYBORY/Pods-VYBORY-frameworks.sh\"\n";
			showEnvVarsInLog = 0;
		};
/* End PBXShellScriptBuildPhase section */

/* Begin PBXSourcesBuildPhase section */
		181350A5253DC47000FB7E08 /* Sources */ = {
			isa = PBXSourcesBuildPhase;
			buildActionMask = 2147483647;
			files = (
				1810F9AE2548707C00D3641B /* TableViewCell.swift in Sources */,
				1810F9982546DBDB00D3641B /* CollectionViewCell.swift in Sources */,
				1810F97D254073C500D3641B /* TabBarViewController.swift in Sources */,
				181350D0253DD29E00FB7E08 /* SearchViewController.swift in Sources */,
				181350B1253DC47000FB7E08 /* ProtocolViewController.swift in Sources */,
				1810F9B12549648700D3641B /* ArticleEntity.swift in Sources */,
				18BDA26D254D93BA009A493D /* FavoriteViewCell.swift in Sources */,
				181350CC253DD26100FB7E08 /* FavoriteTableViewController.swift in Sources */,
				181350AD253DC47000FB7E08 /* AppDelegate.swift in Sources */,
				1810F98A25419C7700D3641B /* BookEntity.swift in Sources */,
				18833961254AB66E0002AAB8 /* ArticlesViewController.swift in Sources */,
				181350AF253DC47000FB7E08 /* SceneDelegate.swift in Sources */,
				18BDA244254AFF2B009A493D /* ArticleViewController.swift in Sources */,
				1810F9A72548170A00D3641B /* ChapterViewController.swift in Sources */,
				1810F99F25474E5F00D3641B /* ChapterEntity.swift in Sources */,
				1810F9842541822F00D3641B /* Database.swift in Sources */,
				181350C8253DD21A00FB7E08 /* CodeViewController.swift in Sources */,
				18833965254AB7C70002AAB8 /* ArticleViewCell.swift in Sources */,
			);
			runOnlyForDeploymentPostprocessing = 0;
		};
/* End PBXSourcesBuildPhase section */

/* Begin PBXVariantGroup section */
		181350B2253DC47000FB7E08 /* Main.storyboard */ = {
			isa = PBXVariantGroup;
			children = (
				181350B3253DC47000FB7E08 /* Base */,
			);
			name = Main.storyboard;
			sourceTree = "<group>";
		};
		181350B7253DC47300FB7E08 /* LaunchScreen.storyboard */ = {
			isa = PBXVariantGroup;
			children = (
				181350B8253DC47300FB7E08 /* Base */,
			);
			name = LaunchScreen.storyboard;
			sourceTree = "<group>";
		};
/* End PBXVariantGroup section */

/* Begin XCBuildConfiguration section */
		181350BB253DC47300FB7E08 /* Debug */ = {
			isa = XCBuildConfiguration;
			buildSettings = {
				ALWAYS_SEARCH_USER_PATHS = NO;
				CLANG_ANALYZER_NONNULL = YES;
				CLANG_ANALYZER_NUMBER_OBJECT_CONVERSION = YES_AGGRESSIVE;
				CLANG_CXX_LANGUAGE_STANDARD = "gnu++14";
				CLANG_CXX_LIBRARY = "libc++";
				CLANG_ENABLE_MODULES = YES;
				CLANG_ENABLE_OBJC_ARC = YES;
				CLANG_ENABLE_OBJC_WEAK = YES;
				CLANG_WARN_BLOCK_CAPTURE_AUTORELEASING = YES;
				CLANG_WARN_BOOL_CONVERSION = YES;
				CLANG_WARN_COMMA = YES;
				CLANG_WARN_CONSTANT_CONVERSION = YES;
				CLANG_WARN_DEPRECATED_OBJC_IMPLEMENTATIONS = YES;
				CLANG_WARN_DIRECT_OBJC_ISA_USAGE = YES_ERROR;
				CLANG_WARN_DOCUMENTATION_COMMENTS = YES;
				CLANG_WARN_EMPTY_BODY = YES;
				CLANG_WARN_ENUM_CONVERSION = YES;
				CLANG_WARN_INFINITE_RECURSION = YES;
				CLANG_WARN_INT_CONVERSION = YES;
				CLANG_WARN_NON_LITERAL_NULL_CONVERSION = YES;
				CLANG_WARN_OBJC_IMPLICIT_RETAIN_SELF = YES;
				CLANG_WARN_OBJC_LITERAL_CONVERSION = YES;
				CLANG_WARN_OBJC_ROOT_CLASS = YES_ERROR;
				CLANG_WARN_QUOTED_INCLUDE_IN_FRAMEWORK_HEADER = YES;
				CLANG_WARN_RANGE_LOOP_ANALYSIS = YES;
				CLANG_WARN_STRICT_PROTOTYPES = YES;
				CLANG_WARN_SUSPICIOUS_MOVE = YES;
				CLANG_WARN_UNGUARDED_AVAILABILITY = YES_AGGRESSIVE;
				CLANG_WARN_UNREACHABLE_CODE = YES;
				CLANG_WARN__DUPLICATE_METHOD_MATCH = YES;
				COPY_PHASE_STRIP = NO;
				DEBUG_INFORMATION_FORMAT = dwarf;
				ENABLE_STRICT_OBJC_MSGSEND = YES;
				ENABLE_TESTABILITY = YES;
				GCC_C_LANGUAGE_STANDARD = gnu11;
				GCC_DYNAMIC_NO_PIC = NO;
				GCC_NO_COMMON_BLOCKS = YES;
				GCC_OPTIMIZATION_LEVEL = 0;
				GCC_PREPROCESSOR_DEFINITIONS = (
					"DEBUG=1",
					"$(inherited)",
				);
				GCC_WARN_64_TO_32_BIT_CONVERSION = YES;
				GCC_WARN_ABOUT_RETURN_TYPE = YES_ERROR;
				GCC_WARN_UNDECLARED_SELECTOR = YES;
				GCC_WARN_UNINITIALIZED_AUTOS = YES_AGGRESSIVE;
				GCC_WARN_UNUSED_FUNCTION = YES;
				GCC_WARN_UNUSED_VARIABLE = YES;
				IPHONEOS_DEPLOYMENT_TARGET = 13.0;
				MTL_ENABLE_DEBUG_INFO = INCLUDE_SOURCE;
				MTL_FAST_MATH = YES;
				ONLY_ACTIVE_ARCH = YES;
				SDKROOT = iphoneos;
				SWIFT_ACTIVE_COMPILATION_CONDITIONS = DEBUG;
				SWIFT_OPTIMIZATION_LEVEL = "-Onone";
			};
			name = Debug;
		};
		181350BC253DC47300FB7E08 /* Release */ = {
			isa = XCBuildConfiguration;
			buildSettings = {
				ALWAYS_SEARCH_USER_PATHS = NO;
				CLANG_ANALYZER_NONNULL = YES;
				CLANG_ANALYZER_NUMBER_OBJECT_CONVERSION = YES_AGGRESSIVE;
				CLANG_CXX_LANGUAGE_STANDARD = "gnu++14";
				CLANG_CXX_LIBRARY = "libc++";
				CLANG_ENABLE_MODULES = YES;
				CLANG_ENABLE_OBJC_ARC = YES;
				CLANG_ENABLE_OBJC_WEAK = YES;
				CLANG_WARN_BLOCK_CAPTURE_AUTORELEASING = YES;
				CLANG_WARN_BOOL_CONVERSION = YES;
				CLANG_WARN_COMMA = YES;
				CLANG_WARN_CONSTANT_CONVERSION = YES;
				CLANG_WARN_DEPRECATED_OBJC_IMPLEMENTATIONS = YES;
				CLANG_WARN_DIRECT_OBJC_ISA_USAGE = YES_ERROR;
				CLANG_WARN_DOCUMENTATION_COMMENTS = YES;
				CLANG_WARN_EMPTY_BODY = YES;
				CLANG_WARN_ENUM_CONVERSION = YES;
				CLANG_WARN_INFINITE_RECURSION = YES;
				CLANG_WARN_INT_CONVERSION = YES;
				CLANG_WARN_NON_LITERAL_NULL_CONVERSION = YES;
				CLANG_WARN_OBJC_IMPLICIT_RETAIN_SELF = YES;
				CLANG_WARN_OBJC_LITERAL_CONVERSION = YES;
				CLANG_WARN_OBJC_ROOT_CLASS = YES_ERROR;
				CLANG_WARN_QUOTED_INCLUDE_IN_FRAMEWORK_HEADER = YES;
				CLANG_WARN_RANGE_LOOP_ANALYSIS = YES;
				CLANG_WARN_STRICT_PROTOTYPES = YES;
				CLANG_WARN_SUSPICIOUS_MOVE = YES;
				CLANG_WARN_UNGUARDED_AVAILABILITY = YES_AGGRESSIVE;
				CLANG_WARN_UNREACHABLE_CODE = YES;
				CLANG_WARN__DUPLICATE_METHOD_MATCH = YES;
				COPY_PHASE_STRIP = NO;
				DEBUG_INFORMATION_FORMAT = "dwarf-with-dsym";
				ENABLE_NS_ASSERTIONS = NO;
				ENABLE_STRICT_OBJC_MSGSEND = YES;
				GCC_C_LANGUAGE_STANDARD = gnu11;
				GCC_NO_COMMON_BLOCKS = YES;
				GCC_WARN_64_TO_32_BIT_CONVERSION = YES;
				GCC_WARN_ABOUT_RETURN_TYPE = YES_ERROR;
				GCC_WARN_UNDECLARED_SELECTOR = YES;
				GCC_WARN_UNINITIALIZED_AUTOS = YES_AGGRESSIVE;
				GCC_WARN_UNUSED_FUNCTION = YES;
				GCC_WARN_UNUSED_VARIABLE = YES;
				IPHONEOS_DEPLOYMENT_TARGET = 13.0;
				MTL_ENABLE_DEBUG_INFO = NO;
				MTL_FAST_MATH = YES;
				SDKROOT = iphoneos;
				SWIFT_COMPILATION_MODE = wholemodule;
				SWIFT_OPTIMIZATION_LEVEL = "-O";
				VALIDATE_PRODUCT = YES;
			};
			name = Release;
		};
		181350BE253DC47300FB7E08 /* Debug */ = {
			isa = XCBuildConfiguration;
			baseConfigurationReference = 251BC590B2FF047B0E22E94F /* Pods-VYBORY.debug.xcconfig */;
			buildSettings = {
				ASSETCATALOG_COMPILER_APPICON_NAME = AppIcon;
				ASSETCATALOG_COMPILER_GLOBAL_ACCENT_COLOR_NAME = AccentColor;
				CODE_SIGN_STYLE = Automatic;
				DEVELOPMENT_TEAM = 2XL2ZYWJX3;
				INFOPLIST_FILE = VYBORY/Info.plist;
				LD_RUNPATH_SEARCH_PATHS = (
					"$(inherited)",
					"@executable_path/Frameworks",
				);
				PRODUCT_BUNDLE_IDENTIFIER = oksanafed.dev.VYBORY;
				PRODUCT_NAME = "$(TARGET_NAME)";
				SWIFT_VERSION = 5.0;
				TARGETED_DEVICE_FAMILY = "1,2";
			};
			name = Debug;
		};
		181350BF253DC47300FB7E08 /* Release */ = {
			isa = XCBuildConfiguration;
			baseConfigurationReference = 2153F3124CDEE7754F7FB2D8 /* Pods-VYBORY.release.xcconfig */;
			buildSettings = {
				ASSETCATALOG_COMPILER_APPICON_NAME = AppIcon;
				ASSETCATALOG_COMPILER_GLOBAL_ACCENT_COLOR_NAME = AccentColor;
				CODE_SIGN_STYLE = Automatic;
				DEVELOPMENT_TEAM = 2XL2ZYWJX3;
				INFOPLIST_FILE = VYBORY/Info.plist;
				LD_RUNPATH_SEARCH_PATHS = (
					"$(inherited)",
					"@executable_path/Frameworks",
				);
				PRODUCT_BUNDLE_IDENTIFIER = oksanafed.dev.VYBORY;
				PRODUCT_NAME = "$(TARGET_NAME)";
				SWIFT_VERSION = 5.0;
				TARGETED_DEVICE_FAMILY = "1,2";
			};
			name = Release;
		};
/* End XCBuildConfiguration section */

/* Begin XCConfigurationList section */
		181350A4253DC47000FB7E08 /* Build configuration list for PBXProject "VYBORY" */ = {
			isa = XCConfigurationList;
			buildConfigurations = (
				181350BB253DC47300FB7E08 /* Debug */,
				181350BC253DC47300FB7E08 /* Release */,
			);
			defaultConfigurationIsVisible = 0;
			defaultConfigurationName = Release;
		};
		181350BD253DC47300FB7E08 /* Build configuration list for PBXNativeTarget "VYBORY" */ = {
			isa = XCConfigurationList;
			buildConfigurations = (
				181350BE253DC47300FB7E08 /* Debug */,
				181350BF253DC47300FB7E08 /* Release */,
			);
			defaultConfigurationIsVisible = 0;
			defaultConfigurationName = Release;
		};
/* End XCConfigurationList section */
	};
	rootObject = 181350A1253DC47000FB7E08 /* Project object */;
}
